{
    "_readme": [
        "This file locks the dependencies of your project to a known state",
        "Read more about it at http://getcomposer.org/doc/01-basic-usage.md#composer-lock-the-lock-file",
        "This file is @generated automatically"
    ],
    "hash": "02b1b8fe6c75ae17a22aae708ea25c8a",
    "packages": [
        {
            "name": "aura/router",
            "version": "2.2.0",
            "source": {
                "type": "git",
                "url": "https://github.com/auraphp/Aura.Router.git",
                "reference": "2544c687a5074ca8ce0dbe6d27a04c006a118e2a"
            },
            "dist": {
                "type": "zip",
                "url": "https://api.github.com/repos/auraphp/Aura.Router/zipball/2544c687a5074ca8ce0dbe6d27a04c006a118e2a",
                "reference": "2544c687a5074ca8ce0dbe6d27a04c006a118e2a",
                "shasum": ""
            },
            "require": {
                "php": ">=5.3.0"
            },
            "type": "library",
            "extra": {
                "aura": {
                    "type": "library",
                    "config": {
                        "common": "Aura\\Router\\_Config\\Common"
                    }
                },
                "branch-alias": {
                    "dev-develop-2": "2.0.x-dev"
                }
            },
            "autoload": {
                "psr-4": {
                    "Aura\\Router\\": "src/",
                    "Aura\\Router\\_Config\\": "config/"
                }
            },
            "notification-url": "https://packagist.org/downloads/",
            "license": [
                "BSD-2-Clause"
            ],
            "authors": [
                {
                    "name": "Aura.Router Contributors",
                    "homepage": "https://github.com/auraphp/Aura.Router/contributors"
                }
            ],
            "description": "A web router implementation; given a URI path and a copy of $_SERVER, it will extract path-info parameter values for a specific route.",
            "homepage": "https://github.com/auraphp/Aura.Router",
            "keywords": [
                "route",
                "router",
                "routing"
            ],
            "time": "2014-11-10 15:51:58"
        },
        {
            "name": "chjj/marked",
            "version": "0.3.2",
            "source": {
                "type": "git",
                "url": "https://github.com/chjj/marked",
                "reference": "master"
            },
            "type": "library"
        },
        {
            "name": "codemirror/codemirror",
            "version": "@dev",
            "source": {
                "type": "git",
                "url": "https://github.com/codemirror/codemirror",
                "reference": "master"
            },
            "type": "library",
            "time": "2014-11-17 21:29:04"
        },
        {
            "name": "doctrine/annotations",
            "version": "v1.2.1",
            "source": {
                "type": "git",
                "url": "https://github.com/doctrine/annotations.git",
                "reference": "6a6bec0670bb6e71a263b08bc1b98ea242928633"
            },
            "dist": {
                "type": "zip",
                "url": "https://api.github.com/repos/doctrine/annotations/zipball/6a6bec0670bb6e71a263b08bc1b98ea242928633",
                "reference": "6a6bec0670bb6e71a263b08bc1b98ea242928633",
                "shasum": ""
            },
            "require": {
                "doctrine/lexer": "1.*",
                "php": ">=5.3.2"
            },
            "require-dev": {
                "doctrine/cache": "1.*",
                "phpunit/phpunit": "4.*"
            },
            "type": "library",
            "extra": {
                "branch-alias": {
                    "dev-master": "1.3.x-dev"
                }
            },
            "autoload": {
                "psr-0": {
                    "Doctrine\\Common\\Annotations\\": "lib/"
                }
            },
            "notification-url": "https://packagist.org/downloads/",
            "license": [
                "MIT"
            ],
            "authors": [
                {
                    "name": "Roman Borschel",
                    "email": "roman@code-factory.org"
                },
                {
                    "name": "Benjamin Eberlei",
                    "email": "kontakt@beberlei.de"
                },
                {
                    "name": "Guilherme Blanco",
                    "email": "guilhermeblanco@gmail.com"
                },
                {
                    "name": "Jonathan Wage",
                    "email": "jonwage@gmail.com"
                },
                {
                    "name": "Johannes Schmitt",
                    "email": "schmittjoh@gmail.com"
                }
            ],
            "description": "Docblock Annotations Parser",
            "homepage": "http://www.doctrine-project.org",
            "keywords": [
                "annotations",
                "docblock",
                "parser"
            ],
            "time": "2014-09-25 16:45:30"
        },
        {
            "name": "doctrine/cache",
            "version": "v1.3.1",
            "source": {
                "type": "git",
                "url": "https://github.com/doctrine/cache.git",
                "reference": "cf483685798a72c93bf4206e3dd6358ea07d64e7"
            },
            "dist": {
                "type": "zip",
                "url": "https://api.github.com/repos/doctrine/cache/zipball/cf483685798a72c93bf4206e3dd6358ea07d64e7",
                "reference": "cf483685798a72c93bf4206e3dd6358ea07d64e7",
                "shasum": ""
            },
            "require": {
                "php": ">=5.3.2"
            },
            "conflict": {
                "doctrine/common": ">2.2,<2.4"
            },
            "require-dev": {
                "phpunit/phpunit": ">=3.7",
                "satooshi/php-coveralls": "~0.6"
            },
            "type": "library",
            "extra": {
                "branch-alias": {
                    "dev-master": "1.4.x-dev"
                }
            },
            "autoload": {
                "psr-0": {
                    "Doctrine\\Common\\Cache\\": "lib/"
                }
            },
            "notification-url": "https://packagist.org/downloads/",
            "license": [
                "MIT"
            ],
            "authors": [
                {
                    "name": "Roman Borschel",
                    "email": "roman@code-factory.org"
                },
                {
                    "name": "Benjamin Eberlei",
                    "email": "kontakt@beberlei.de"
                },
                {
                    "name": "Guilherme Blanco",
                    "email": "guilhermeblanco@gmail.com"
                },
                {
                    "name": "Jonathan Wage",
                    "email": "jonwage@gmail.com"
                },
                {
                    "name": "Johannes Schmitt",
                    "email": "schmittjoh@gmail.com"
                }
            ],
            "description": "Caching library offering an object-oriented API for many cache backends",
            "homepage": "http://www.doctrine-project.org",
            "keywords": [
                "cache",
                "caching"
            ],
            "time": "2014-09-17 14:24:04"
        },
        {
            "name": "doctrine/collections",
            "version": "v1.2",
            "source": {
                "type": "git",
                "url": "https://github.com/doctrine/collections.git",
                "reference": "b99c5c46c87126201899afe88ec490a25eedd6a2"
            },
            "dist": {
                "type": "zip",
                "url": "https://api.github.com/repos/doctrine/collections/zipball/b99c5c46c87126201899afe88ec490a25eedd6a2",
                "reference": "b99c5c46c87126201899afe88ec490a25eedd6a2",
                "shasum": ""
            },
            "require": {
                "php": ">=5.3.2"
            },
            "type": "library",
            "extra": {
                "branch-alias": {
                    "dev-master": "1.2.x-dev"
                }
            },
            "autoload": {
                "psr-0": {
                    "Doctrine\\Common\\Collections\\": "lib/"
                }
            },
            "notification-url": "https://packagist.org/downloads/",
            "license": [
                "MIT"
            ],
            "authors": [
                {
                    "name": "Jonathan Wage",
                    "email": "jonwage@gmail.com",
                    "homepage": "http://www.jwage.com/",
                    "role": "Creator"
                },
                {
                    "name": "Guilherme Blanco",
                    "email": "guilhermeblanco@gmail.com",
                    "homepage": "http://www.instaclick.com"
                },
                {
                    "name": "Roman Borschel",
                    "email": "roman@code-factory.org"
                },
                {
                    "name": "Benjamin Eberlei",
                    "email": "kontakt@beberlei.de"
                },
                {
                    "name": "Johannes Schmitt",
                    "email": "schmittjoh@gmail.com",
                    "homepage": "https://github.com/schmittjoh",
                    "role": "Developer of wrapped JMSSerializerBundle"
                }
            ],
            "description": "Collections Abstraction library",
            "homepage": "http://www.doctrine-project.org",
            "keywords": [
                "array",
                "collections",
                "iterator"
            ],
            "time": "2014-02-03 23:07:43"
        },
        {
            "name": "doctrine/common",
            "version": "v2.4.2",
            "source": {
                "type": "git",
                "url": "https://github.com/doctrine/common.git",
                "reference": "5db6ab40e4c531f14dad4ca96a394dfce5d4255b"
            },
            "dist": {
                "type": "zip",
                "url": "https://api.github.com/repos/doctrine/common/zipball/5db6ab40e4c531f14dad4ca96a394dfce5d4255b",
                "reference": "5db6ab40e4c531f14dad4ca96a394dfce5d4255b",
                "shasum": ""
            },
            "require": {
                "doctrine/annotations": "1.*",
                "doctrine/cache": "1.*",
                "doctrine/collections": "1.*",
                "doctrine/inflector": "1.*",
                "doctrine/lexer": "1.*",
                "php": ">=5.3.2"
            },
            "require-dev": {
                "phpunit/phpunit": "~3.7"
            },
            "type": "library",
            "extra": {
                "branch-alias": {
                    "dev-master": "2.4.x-dev"
                }
            },
            "autoload": {
                "psr-0": {
                    "Doctrine\\Common\\": "lib/"
                }
            },
            "notification-url": "https://packagist.org/downloads/",
            "license": [
                "MIT"
            ],
            "authors": [
                {
                    "name": "Jonathan Wage",
                    "email": "jonwage@gmail.com",
                    "homepage": "http://www.jwage.com/",
                    "role": "Creator"
                },
                {
                    "name": "Guilherme Blanco",
                    "email": "guilhermeblanco@gmail.com",
                    "homepage": "http://www.instaclick.com"
                },
                {
                    "name": "Roman Borschel",
                    "email": "roman@code-factory.org"
                },
                {
                    "name": "Benjamin Eberlei",
                    "email": "kontakt@beberlei.de"
                },
                {
                    "name": "Johannes Schmitt",
                    "email": "schmittjoh@gmail.com",
                    "homepage": "https://github.com/schmittjoh",
                    "role": "Developer of wrapped JMSSerializerBundle"
                }
            ],
            "description": "Common Library for Doctrine projects",
            "homepage": "http://www.doctrine-project.org",
            "keywords": [
                "annotations",
                "collections",
                "eventmanager",
                "persistence",
                "spl"
            ],
            "time": "2014-05-21 19:28:51"
        },
        {
            "name": "doctrine/dbal",
            "version": "v2.4.3",
            "source": {
                "type": "git",
                "url": "https://github.com/doctrine/dbal.git",
                "reference": "0368bc031976126e5d36d37d2c56155092b6575b"
            },
            "dist": {
                "type": "zip",
                "url": "https://api.github.com/repos/doctrine/dbal/zipball/0368bc031976126e5d36d37d2c56155092b6575b",
                "reference": "0368bc031976126e5d36d37d2c56155092b6575b",
                "shasum": ""
            },
            "require": {
                "doctrine/common": "~2.4",
                "php": ">=5.3.2"
            },
            "require-dev": {
                "phpunit/phpunit": "3.7.*",
                "symfony/console": "~2.0"
            },
            "suggest": {
                "symfony/console": "For helpful console commands such as SQL execution and import of files."
            },
            "type": "library",
            "autoload": {
                "psr-0": {
                    "Doctrine\\DBAL\\": "lib/"
                }
            },
            "notification-url": "https://packagist.org/downloads/",
            "license": [
                "MIT"
            ],
            "authors": [
                {
                    "name": "Roman Borschel",
                    "email": "roman@code-factory.org"
                },
                {
                    "name": "Benjamin Eberlei",
                    "email": "kontakt@beberlei.de"
                },
                {
                    "name": "Guilherme Blanco",
                    "email": "guilhermeblanco@gmail.com"
                },
                {
                    "name": "Jonathan Wage",
                    "email": "jonwage@gmail.com"
                }
            ],
            "description": "Database Abstraction Layer",
            "homepage": "http://www.doctrine-project.org",
            "keywords": [
                "database",
                "dbal",
                "persistence",
                "queryobject"
            ],
            "time": "2014-10-16 11:56:49"
        },
        {
            "name": "doctrine/inflector",
            "version": "v1.0",
            "source": {
                "type": "git",
                "url": "https://github.com/doctrine/inflector.git",
                "reference": "54b8333d2a5682afdc690060c1cf384ba9f47f08"
            },
            "dist": {
                "type": "zip",
                "url": "https://api.github.com/repos/doctrine/inflector/zipball/54b8333d2a5682afdc690060c1cf384ba9f47f08",
                "reference": "54b8333d2a5682afdc690060c1cf384ba9f47f08",
                "shasum": ""
            },
            "require": {
                "php": ">=5.3.2"
            },
            "type": "library",
            "autoload": {
                "psr-0": {
                    "Doctrine\\Common\\Inflector\\": "lib/"
                }
            },
            "notification-url": "https://packagist.org/downloads/",
            "license": [
                "MIT"
            ],
            "authors": [
                {
                    "name": "Jonathan Wage",
                    "email": "jonwage@gmail.com",
                    "homepage": "http://www.jwage.com/",
                    "role": "Creator"
                },
                {
                    "name": "Guilherme Blanco",
                    "email": "guilhermeblanco@gmail.com",
                    "homepage": "http://www.instaclick.com"
                },
                {
                    "name": "Roman Borschel",
                    "email": "roman@code-factory.org"
                },
                {
                    "name": "Benjamin Eberlei",
                    "email": "kontakt@beberlei.de"
                },
                {
                    "name": "Johannes Schmitt",
                    "email": "schmittjoh@gmail.com",
                    "homepage": "https://github.com/schmittjoh",
                    "role": "Developer of wrapped JMSSerializerBundle"
                }
            ],
            "description": "Common String Manipulations with regard to casing and singular/plural rules.",
            "homepage": "http://www.doctrine-project.org",
            "keywords": [
                "inflection",
                "pluarlize",
                "singuarlize",
                "string"
            ],
            "time": "2013-01-10 21:49:15"
        },
        {
            "name": "doctrine/lexer",
            "version": "v1.0",
            "source": {
                "type": "git",
                "url": "https://github.com/doctrine/lexer.git",
                "reference": "2f708a85bb3aab5d99dab8be435abd73e0b18acb"
            },
            "dist": {
                "type": "zip",
                "url": "https://api.github.com/repos/doctrine/lexer/zipball/2f708a85bb3aab5d99dab8be435abd73e0b18acb",
                "reference": "2f708a85bb3aab5d99dab8be435abd73e0b18acb",
                "shasum": ""
            },
            "require": {
                "php": ">=5.3.2"
            },
            "type": "library",
            "autoload": {
                "psr-0": {
                    "Doctrine\\Common\\Lexer\\": "lib/"
                }
            },
            "notification-url": "https://packagist.org/downloads/",
            "license": [
                "MIT"
            ],
            "authors": [
                {
                    "name": "Guilherme Blanco",
                    "email": "guilhermeblanco@gmail.com",
                    "homepage": "http://www.instaclick.com"
                },
                {
                    "name": "Roman Borschel",
                    "email": "roman@code-factory.org"
                },
                {
                    "name": "Johannes Schmitt",
                    "email": "schmittjoh@gmail.com",
                    "homepage": "https://github.com/schmittjoh",
                    "role": "Developer of wrapped JMSSerializerBundle"
                }
            ],
            "description": "Base library for a lexer that can be used in Top-Down, Recursive Descent Parsers.",
            "homepage": "http://www.doctrine-project.org",
            "keywords": [
                "lexer",
                "parser"
            ],
            "time": "2013-01-12 18:59:04"
        },
        {
            "name": "fortawesome/font-awesome",
            "version": "v4.2.0",
            "source": {
                "type": "git",
                "url": "https://github.com/FortAwesome/Font-Awesome.git",
                "reference": "a65bd93d81e9e6bd5ebfa41757a4474960b973b4"
            },
            "dist": {
                "type": "zip",
                "url": "https://api.github.com/repos/FortAwesome/Font-Awesome/zipball/a65bd93d81e9e6bd5ebfa41757a4474960b973b4",
                "reference": "a65bd93d81e9e6bd5ebfa41757a4474960b973b4",
                "shasum": ""
            },
            "require-dev": {
                "jekyll": "1.0.2",
                "lessc": "1.4.2"
            },
            "type": "library",
            "extra": {
                "branch-alias": {
                    "dev-master": "4.0.x-dev"
                }
            },
            "notification-url": "https://packagist.org/downloads/",
            "license": [
                "OFL-1.1",
                "MIT"
            ],
            "authors": [
                {
                    "name": "Dave Gandy",
                    "email": "dave@fontawesome.io",
                    "homepage": "http://twitter.com/davegandy",
                    "role": "Developer"
                }
            ],
            "description": "The iconic font and CSS framework",
            "homepage": "http://fontawesome.io/",
            "keywords": [
                "FontAwesome",
                "awesome",
                "bootstrap",
                "font",
                "icon"
            ],
            "time": "2014-08-26 16:36:44"
        },
        {
            "name": "twig/extensions",
            "version": "v1.2.0",
            "source": {
                "type": "git",
                "url": "https://github.com/twigphp/Twig-extensions.git",
                "reference": "8cf4b9fe04077bd54fc73f4fde83347040c3b8cd"
            },
            "dist": {
                "type": "zip",
                "url": "https://api.github.com/repos/twigphp/Twig-extensions/zipball/8cf4b9fe04077bd54fc73f4fde83347040c3b8cd",
                "reference": "8cf4b9fe04077bd54fc73f4fde83347040c3b8cd",
                "shasum": ""
            },
            "require": {
                "twig/twig": "~1.12"
            },
            "require-dev": {
                "symfony/translation": "~2.3"
            },
            "suggest": {
                "symfony/translation": "Allow the time_diff output to be translated"
            },
            "type": "library",
            "extra": {
                "branch-alias": {
                    "dev-master": "1.2.x-dev"
                }
            },
            "autoload": {
                "psr-0": {
                    "Twig_Extensions_": "lib/"
                }
            },
            "notification-url": "https://packagist.org/downloads/",
            "license": [
                "MIT"
            ],
            "authors": [
                {
                    "name": "Fabien Potencier",
                    "email": "fabien@symfony.com"
                }
            ],
            "description": "Common additional features for Twig that do not directly belong in core",
            "homepage": "http://twig.sensiolabs.org/doc/extensions/index.html",
            "keywords": [
                "i18n",
                "text"
            ],
            "time": "2014-10-30 14:30:03"
        },
        {
            "name": "twig/twig",
            "version": "v1.16.2",
            "source": {
                "type": "git",
                "url": "https://github.com/fabpot/Twig.git",
                "reference": "42f758d9fe2146d1f0470604fc05ee43580873fc"
            },
            "dist": {
                "type": "zip",
                "url": "https://api.github.com/repos/fabpot/Twig/zipball/42f758d9fe2146d1f0470604fc05ee43580873fc",
                "reference": "42f758d9fe2146d1f0470604fc05ee43580873fc",
                "shasum": ""
            },
            "require": {
                "php": ">=5.2.4"
            },
            "type": "library",
            "extra": {
                "branch-alias": {
                    "dev-master": "1.16-dev"
                }
            },
            "autoload": {
                "psr-0": {
                    "Twig_": "lib/"
                }
            },
            "notification-url": "https://packagist.org/downloads/",
            "license": [
                "BSD-3-Clause"
            ],
            "authors": [
                {
                    "name": "Fabien Potencier",
                    "email": "fabien@symfony.com",
                    "homepage": "http://fabien.potencier.org",
                    "role": "Lead Developer"
                },
                {
                    "name": "Armin Ronacher",
                    "email": "armin.ronacher@active-4.com",
                    "role": "Project Founder"
                },
                {
                    "name": "Twig Team",
                    "homepage": "https://github.com/fabpot/Twig/graphs/contributors",
                    "role": "Contributors"
                }
            ],
            "description": "Twig, the flexible, fast, and secure template language for PHP",
            "homepage": "http://twig.sensiolabs.org",
            "keywords": [
                "templating"
            ],
            "time": "2014-10-17 12:53:44"
        },
        {
            "name": "twitter/bootstrap",
            "version": "v3.3.1",
            "source": {
                "type": "git",
                "url": "https://github.com/twbs/bootstrap.git",
                "reference": "9a7e365c2c4360335d25246dac11afb1f577210a"
            },
            "dist": {
                "type": "zip",
                "url": "https://api.github.com/repos/twbs/bootstrap/zipball/9a7e365c2c4360335d25246dac11afb1f577210a",
                "reference": "9a7e365c2c4360335d25246dac11afb1f577210a",
                "shasum": ""
            },
            "replace": {
                "twitter/bootstrap": "self.version"
            },
            "type": "library",
            "extra": {
                "branch-alias": {
                    "dev-master": "3.3.x-dev"
                }
            },
            "notification-url": "https://packagist.org/downloads/",
            "license": [
                "MIT"
            ],
            "authors": [
                {
                    "name": "Jacob Thornton",
                    "email": "jacobthornton@gmail.com"
                },
                {
                    "name": "Mark Otto",
                    "email": "markdotto@gmail.com"
                }
            ],
            "description": "The most popular front-end framework for developing responsive, mobile first projects on the web.",
            "homepage": "http://getbootstrap.com",
            "keywords": [
                "JS",
                "css",
                "framework",
                "front-end",
                "less",
                "mobile-first",
                "responsive",
                "web"
            ],
            "time": "2014-11-12 17:03:16"
        }
    ],
    "packages-dev": [
        {
            "name": "heroku/heroku-buildpack-php",
            "version": "v47",
            "source": {
                "type": "git",
                "url": "https://github.com/heroku/heroku-buildpack-php.git",
                "reference": "3d1d7237930583994b336d80ec5712e9a0fcfa1d"
            },
            "dist": {
                "type": "zip",
                "url": "https://api.github.com/repos/heroku/heroku-buildpack-php/zipball/3d1d7237930583994b336d80ec5712e9a0fcfa1d",
                "reference": "3d1d7237930583994b336d80ec5712e9a0fcfa1d",
                "shasum": ""
            },
            "bin": [
                "bin/heroku-hhvm-apache2",
                "bin/heroku-hhvm-nginx",
                "bin/heroku-php-apache2",
                "bin/heroku-php-nginx"
            ],
            "type": "library",
            "notification-url": "https://packagist.org/downloads/",
            "license": [
                "MIT"
            ],
            "authors": [
                {
                    "name": "David Zuelke",
                    "email": "dz@heroku.com"
                }
            ],
            "description": "Toolkit for starting a PHP application locally, with or without foreman, using the same config for PHP/HHVM and Apache2/Nginx as on Heroku",
            "homepage": "http://github.com/heroku/heroku-buildpack-php",
            "keywords": [
                "apache",
                "apache2",
                "foreman",
                "heroku",
                "hhvm",
                "nginx",
                "php"
            ],
            "time": "2014-11-14 16:30:56"
        }
    ],
    "aliases": [],
    "minimum-stability": "stable",
    "stability-flags": {
        "codemirror/codemirror": 20
    },
    "prefer-stable": false,
    "platform": [],
    "platform-dev": []
}
